
Microsoft Visual Studio Solution File, Format Version 12.00
# Visual Studio Version 16
VisualStudioVersion = 16.0.31205.134
MinimumVisualStudioVersion = 10.0.40219.1
Project("{9A19103F-16F7-4668-BE54-9A1E7A4F7556}") = "Host", "Src\Host\Host.csproj", "{7940E94B-DBC7-4940-A712-8E87D3740633}"
EndProject
Project("{2150E333-8FDC-42A3-9474-1A3956D46DE8}") = "Docs", "Docs", "{A18C09F4-69D5-4D44-9311-91F4A0CB7908}"
	ProjectSection(SolutionItems) = preProject
		.editorconfig = .editorconfig
		README.md = README.md
	EndProjectSection
EndProject
Project("{2150E333-8FDC-42A3-9474-1A3956D46DE8}") = "Src", "Src", "{4307DBB3-98C5-4D7D-83F9-F6E4FA829A89}"
EndProject
Project("{2150E333-8FDC-42A3-9474-1A3956D46DE8}") = "Tests", "Tests", "{01CEA7B7-1DFB-485B-A88A-A8F606B4BF8E}"
EndProject
Project("{2150E333-8FDC-42A3-9474-1A3956D46DE8}") = "1 Domain", "1 Domain", "{13B97516-1203-41A5-BCAD-A06A39EFEB9E}"
EndProject
Project("{2150E333-8FDC-42A3-9474-1A3956D46DE8}") = "2 Infrastructure Interfaces", "2 Infrastructure Interfaces", "{325B9F89-7ED5-4269-B0E9-421CC3181622}"
EndProject
Project("{2150E333-8FDC-42A3-9474-1A3956D46DE8}") = "3 Application", "3 Application", "{475E39B2-006C-4230-A4B6-658817AB1E7E}"
EndProject
Project("{2150E333-8FDC-42A3-9474-1A3956D46DE8}") = "4 Controllers", "4 Controllers", "{F0558C2F-9187-4651-A026-2203F66B1683}"
EndProject
Project("{2150E333-8FDC-42A3-9474-1A3956D46DE8}") = "5 Infrastructure", "5 Infrastructure", "{204D8520-175A-41DC-A106-0D37E072ADCC}"
EndProject
Project("{2150E333-8FDC-42A3-9474-1A3956D46DE8}") = "6 Host", "6 Host", "{5614A5C3-D871-4442-A68F-D0708352B3B8}"
EndProject
Project("{9A19103F-16F7-4668-BE54-9A1E7A4F7556}") = "Domain", "Src\Domain\Domain.csproj", "{5A7556CF-8FA5-41D4-9421-F9EC80E5EB8A}"
EndProject
Project("{9A19103F-16F7-4668-BE54-9A1E7A4F7556}") = "Domain.Services", "Src\Domain.Services\Domain.Services.csproj", "{895AB4B7-437E-470F-943C-642E12BEEA51}"
EndProject
Project("{9A19103F-16F7-4668-BE54-9A1E7A4F7556}") = "Domain.Services.Interfaces", "Src\Domain.Services.Interfaces\Domain.Services.Interfaces.csproj", "{AECE310E-2FC9-478C-BA68-870EE8C0B56F}"
EndProject
Project("{9A19103F-16F7-4668-BE54-9A1E7A4F7556}") = "Infrastructure.Interfaces", "Src\Infrastructure.Interfaces\Infrastructure.Interfaces.csproj", "{1B2C12D7-8378-4045-9A47-CD325AA8C4F3}"
EndProject
Project("{9A19103F-16F7-4668-BE54-9A1E7A4F7556}") = "Application.Services", "Src\Application.Services\Application.Services.csproj", "{D36391CF-36BE-415F-8FF0-FD49B45EA8AE}"
EndProject
Project("{9A19103F-16F7-4668-BE54-9A1E7A4F7556}") = "Application.Services.Interfaces", "Src\Application.Services.Interfaces\Application.Services.Interfaces.csproj", "{77E45335-463D-480D-B16C-B5BDA7CF6147}"
EndProject
Project("{9A19103F-16F7-4668-BE54-9A1E7A4F7556}") = "Controllers", "Src\Controllers\Controllers.csproj", "{210A1255-1A29-4D2A-B0A3-2569530D2927}"
EndProject
Project("{9A19103F-16F7-4668-BE54-9A1E7A4F7556}") = "Infrastructure", "Src\Infrastructure\Infrastructure.csproj", "{12B0BB7A-FD97-4702-B1E7-7F4C149E1A98}"
EndProject
Project("{9A19103F-16F7-4668-BE54-9A1E7A4F7556}") = "Domain.Tests", "Tests\Domain.Tests\Domain.Tests.csproj", "{51A07E59-FB25-4682-BF4F-8452507587AF}"
EndProject
Project("{9A19103F-16F7-4668-BE54-9A1E7A4F7556}") = "Domain.Services.Tests", "Tests\Domain.Services.Tests\Domain.Services.Tests.csproj", "{E2AB4FE8-6AF8-41A4-BC93-AD011B8CCCFA}"
EndProject
Project("{9A19103F-16F7-4668-BE54-9A1E7A4F7556}") = "Application", "Src\Application\Application.csproj", "{2C0A032A-BD5D-4387-AAF3-AA33343128ED}"
EndProject
Project("{9A19103F-16F7-4668-BE54-9A1E7A4F7556}") = "Application.Tests", "Tests\Application.Tests\Application.Tests.csproj", "{4E66B6A4-2F30-4B69-B4F0-D7A3FDAC2D16}"
EndProject
Project("{9A19103F-16F7-4668-BE54-9A1E7A4F7556}") = "Application.Services.Tests", "Tests\Application.Services.Tests\Application.Services.Tests.csproj", "{ED915C3D-41F9-45AE-8104-5956ACB6D1D6}"
EndProject
Project("{9A19103F-16F7-4668-BE54-9A1E7A4F7556}") = "Controllers.Tests", "Tests\Controllers.Tests\Controllers.Tests.csproj", "{16FB158B-7B07-4089-B78F-ADB63B5B65EC}"
EndProject
Project("{9A19103F-16F7-4668-BE54-9A1E7A4F7556}") = "Infrastructure.Tests", "Tests\Infrastructure.Tests\Infrastructure.Tests.csproj", "{49BA25B4-D99B-4A82-9CF0-47D368B2DF64}"
EndProject
Project("{2150E333-8FDC-42A3-9474-1A3956D46DE8}") = "Build", "Build", "{FF0C270D-FA3D-4322-A785-6B45501021D0}"
	ProjectSection(SolutionItems) = preProject
		Build\azure-pipelines.yml = Build\azure-pipelines.yml
		Build\git-get-version.ps1 = Build\git-get-version.ps1
	EndProjectSection
EndProject
Project("{2150E333-8FDC-42A3-9474-1A3956D46DE8}") = "0 Utils", "0 Utils", "{7F78DA15-0F45-45E1-860D-7F5F4723F887}"
EndProject
Project("{FAE04EC0-301F-11D3-BF4B-00C04F79EFBC}") = "Common", "Common\Common.csproj", "{F7526B39-F0EE-4E94-AB21-4E6B0663BC43}"
EndProject
Global
	GlobalSection(SolutionConfigurationPlatforms) = preSolution
		Debug|Any CPU = Debug|Any CPU
		Release|Any CPU = Release|Any CPU
	EndGlobalSection
	GlobalSection(ProjectConfigurationPlatforms) = postSolution
		{7940E94B-DBC7-4940-A712-8E87D3740633}.Debug|Any CPU.ActiveCfg = Debug|Any CPU
		{7940E94B-DBC7-4940-A712-8E87D3740633}.Debug|Any CPU.Build.0 = Debug|Any CPU
		{7940E94B-DBC7-4940-A712-8E87D3740633}.Release|Any CPU.ActiveCfg = Release|Any CPU
		{7940E94B-DBC7-4940-A712-8E87D3740633}.Release|Any CPU.Build.0 = Release|Any CPU
		{5A7556CF-8FA5-41D4-9421-F9EC80E5EB8A}.Debug|Any CPU.ActiveCfg = Debug|Any CPU
		{5A7556CF-8FA5-41D4-9421-F9EC80E5EB8A}.Debug|Any CPU.Build.0 = Debug|Any CPU
		{5A7556CF-8FA5-41D4-9421-F9EC80E5EB8A}.Release|Any CPU.ActiveCfg = Release|Any CPU
		{5A7556CF-8FA5-41D4-9421-F9EC80E5EB8A}.Release|Any CPU.Build.0 = Release|Any CPU
		{895AB4B7-437E-470F-943C-642E12BEEA51}.Debug|Any CPU.ActiveCfg = Debug|Any CPU
		{895AB4B7-437E-470F-943C-642E12BEEA51}.Debug|Any CPU.Build.0 = Debug|Any CPU
		{895AB4B7-437E-470F-943C-642E12BEEA51}.Release|Any CPU.ActiveCfg = Release|Any CPU
		{895AB4B7-437E-470F-943C-642E12BEEA51}.Release|Any CPU.Build.0 = Release|Any CPU
		{AECE310E-2FC9-478C-BA68-870EE8C0B56F}.Debug|Any CPU.ActiveCfg = Debug|Any CPU
		{AECE310E-2FC9-478C-BA68-870EE8C0B56F}.Debug|Any CPU.Build.0 = Debug|Any CPU
		{AECE310E-2FC9-478C-BA68-870EE8C0B56F}.Release|Any CPU.ActiveCfg = Release|Any CPU
		{AECE310E-2FC9-478C-BA68-870EE8C0B56F}.Release|Any CPU.Build.0 = Release|Any CPU
		{1B2C12D7-8378-4045-9A47-CD325AA8C4F3}.Debug|Any CPU.ActiveCfg = Debug|Any CPU
		{1B2C12D7-8378-4045-9A47-CD325AA8C4F3}.Debug|Any CPU.Build.0 = Debug|Any CPU
		{1B2C12D7-8378-4045-9A47-CD325AA8C4F3}.Release|Any CPU.ActiveCfg = Release|Any CPU
		{1B2C12D7-8378-4045-9A47-CD325AA8C4F3}.Release|Any CPU.Build.0 = Release|Any CPU
		{D36391CF-36BE-415F-8FF0-FD49B45EA8AE}.Debug|Any CPU.ActiveCfg = Debug|Any CPU
		{D36391CF-36BE-415F-8FF0-FD49B45EA8AE}.Debug|Any CPU.Build.0 = Debug|Any CPU
		{D36391CF-36BE-415F-8FF0-FD49B45EA8AE}.Release|Any CPU.ActiveCfg = Release|Any CPU
		{D36391CF-36BE-415F-8FF0-FD49B45EA8AE}.Release|Any CPU.Build.0 = Release|Any CPU
		{77E45335-463D-480D-B16C-B5BDA7CF6147}.Debug|Any CPU.ActiveCfg = Debug|Any CPU
		{77E45335-463D-480D-B16C-B5BDA7CF6147}.Debug|Any CPU.Build.0 = Debug|Any CPU
		{77E45335-463D-480D-B16C-B5BDA7CF6147}.Release|Any CPU.ActiveCfg = Release|Any CPU
		{77E45335-463D-480D-B16C-B5BDA7CF6147}.Release|Any CPU.Build.0 = Release|Any CPU
		{210A1255-1A29-4D2A-B0A3-2569530D2927}.Debug|Any CPU.ActiveCfg = Debug|Any CPU
		{210A1255-1A29-4D2A-B0A3-2569530D2927}.Debug|Any CPU.Build.0 = Debug|Any CPU
		{210A1255-1A29-4D2A-B0A3-2569530D2927}.Release|Any CPU.ActiveCfg = Release|Any CPU
		{210A1255-1A29-4D2A-B0A3-2569530D2927}.Release|Any CPU.Build.0 = Release|Any CPU
		{12B0BB7A-FD97-4702-B1E7-7F4C149E1A98}.Debug|Any CPU.ActiveCfg = Debug|Any CPU
		{12B0BB7A-FD97-4702-B1E7-7F4C149E1A98}.Debug|Any CPU.Build.0 = Debug|Any CPU
		{12B0BB7A-FD97-4702-B1E7-7F4C149E1A98}.Release|Any CPU.ActiveCfg = Release|Any CPU
		{12B0BB7A-FD97-4702-B1E7-7F4C149E1A98}.Release|Any CPU.Build.0 = Release|Any CPU
		{51A07E59-FB25-4682-BF4F-8452507587AF}.Debug|Any CPU.ActiveCfg = Debug|Any CPU
		{51A07E59-FB25-4682-BF4F-8452507587AF}.Debug|Any CPU.Build.0 = Debug|Any CPU
		{51A07E59-FB25-4682-BF4F-8452507587AF}.Release|Any CPU.ActiveCfg = Release|Any CPU
		{51A07E59-FB25-4682-BF4F-8452507587AF}.Release|Any CPU.Build.0 = Release|Any CPU
		{E2AB4FE8-6AF8-41A4-BC93-AD011B8CCCFA}.Debug|Any CPU.ActiveCfg = Debug|Any CPU
		{E2AB4FE8-6AF8-41A4-BC93-AD011B8CCCFA}.Debug|Any CPU.Build.0 = Debug|Any CPU
		{E2AB4FE8-6AF8-41A4-BC93-AD011B8CCCFA}.Release|Any CPU.ActiveCfg = Release|Any CPU
		{E2AB4FE8-6AF8-41A4-BC93-AD011B8CCCFA}.Release|Any CPU.Build.0 = Release|Any CPU
		{2C0A032A-BD5D-4387-AAF3-AA33343128ED}.Debug|Any CPU.ActiveCfg = Debug|Any CPU
		{2C0A032A-BD5D-4387-AAF3-AA33343128ED}.Debug|Any CPU.Build.0 = Debug|Any CPU
		{2C0A032A-BD5D-4387-AAF3-AA33343128ED}.Release|Any CPU.ActiveCfg = Release|Any CPU
		{2C0A032A-BD5D-4387-AAF3-AA33343128ED}.Release|Any CPU.Build.0 = Release|Any CPU
		{4E66B6A4-2F30-4B69-B4F0-D7A3FDAC2D16}.Debug|Any CPU.ActiveCfg = Debug|Any CPU
		{4E66B6A4-2F30-4B69-B4F0-D7A3FDAC2D16}.Debug|Any CPU.Build.0 = Debug|Any CPU
		{4E66B6A4-2F30-4B69-B4F0-D7A3FDAC2D16}.Release|Any CPU.ActiveCfg = Release|Any CPU
		{4E66B6A4-2F30-4B69-B4F0-D7A3FDAC2D16}.Release|Any CPU.Build.0 = Release|Any CPU
		{ED915C3D-41F9-45AE-8104-5956ACB6D1D6}.Debug|Any CPU.ActiveCfg = Debug|Any CPU
		{ED915C3D-41F9-45AE-8104-5956ACB6D1D6}.Debug|Any CPU.Build.0 = Debug|Any CPU
		{ED915C3D-41F9-45AE-8104-5956ACB6D1D6}.Release|Any CPU.ActiveCfg = Release|Any CPU
		{ED915C3D-41F9-45AE-8104-5956ACB6D1D6}.Release|Any CPU.Build.0 = Release|Any CPU
		{16FB158B-7B07-4089-B78F-ADB63B5B65EC}.Debug|Any CPU.ActiveCfg = Debug|Any CPU
		{16FB158B-7B07-4089-B78F-ADB63B5B65EC}.Debug|Any CPU.Build.0 = Debug|Any CPU
		{16FB158B-7B07-4089-B78F-ADB63B5B65EC}.Release|Any CPU.ActiveCfg = Release|Any CPU
		{16FB158B-7B07-4089-B78F-ADB63B5B65EC}.Release|Any CPU.Build.0 = Release|Any CPU
		{49BA25B4-D99B-4A82-9CF0-47D368B2DF64}.Debug|Any CPU.ActiveCfg = Debug|Any CPU
		{49BA25B4-D99B-4A82-9CF0-47D368B2DF64}.Debug|Any CPU.Build.0 = Debug|Any CPU
		{49BA25B4-D99B-4A82-9CF0-47D368B2DF64}.Release|Any CPU.ActiveCfg = Release|Any CPU
		{49BA25B4-D99B-4A82-9CF0-47D368B2DF64}.Release|Any CPU.Build.0 = Release|Any CPU
		{F7526B39-F0EE-4E94-AB21-4E6B0663BC43}.Debug|Any CPU.ActiveCfg = Debug|Any CPU
		{F7526B39-F0EE-4E94-AB21-4E6B0663BC43}.Debug|Any CPU.Build.0 = Debug|Any CPU
		{F7526B39-F0EE-4E94-AB21-4E6B0663BC43}.Release|Any CPU.ActiveCfg = Release|Any CPU
		{F7526B39-F0EE-4E94-AB21-4E6B0663BC43}.Release|Any CPU.Build.0 = Release|Any CPU
	EndGlobalSection
	GlobalSection(SolutionProperties) = preSolution
		HideSolutionNode = FALSE
	EndGlobalSection
	GlobalSection(NestedProjects) = preSolution
		{7940E94B-DBC7-4940-A712-8E87D3740633} = {5614A5C3-D871-4442-A68F-D0708352B3B8}
		{13B97516-1203-41A5-BCAD-A06A39EFEB9E} = {4307DBB3-98C5-4D7D-83F9-F6E4FA829A89}
		{325B9F89-7ED5-4269-B0E9-421CC3181622} = {4307DBB3-98C5-4D7D-83F9-F6E4FA829A89}
		{475E39B2-006C-4230-A4B6-658817AB1E7E} = {4307DBB3-98C5-4D7D-83F9-F6E4FA829A89}
		{F0558C2F-9187-4651-A026-2203F66B1683} = {4307DBB3-98C5-4D7D-83F9-F6E4FA829A89}
		{204D8520-175A-41DC-A106-0D37E072ADCC} = {4307DBB3-98C5-4D7D-83F9-F6E4FA829A89}
		{5614A5C3-D871-4442-A68F-D0708352B3B8} = {4307DBB3-98C5-4D7D-83F9-F6E4FA829A89}
		{5A7556CF-8FA5-41D4-9421-F9EC80E5EB8A} = {13B97516-1203-41A5-BCAD-A06A39EFEB9E}
		{895AB4B7-437E-470F-943C-642E12BEEA51} = {13B97516-1203-41A5-BCAD-A06A39EFEB9E}
		{AECE310E-2FC9-478C-BA68-870EE8C0B56F} = {13B97516-1203-41A5-BCAD-A06A39EFEB9E}
		{1B2C12D7-8378-4045-9A47-CD325AA8C4F3} = {325B9F89-7ED5-4269-B0E9-421CC3181622}
		{D36391CF-36BE-415F-8FF0-FD49B45EA8AE} = {475E39B2-006C-4230-A4B6-658817AB1E7E}
		{77E45335-463D-480D-B16C-B5BDA7CF6147} = {475E39B2-006C-4230-A4B6-658817AB1E7E}
		{210A1255-1A29-4D2A-B0A3-2569530D2927} = {F0558C2F-9187-4651-A026-2203F66B1683}
		{12B0BB7A-FD97-4702-B1E7-7F4C149E1A98} = {204D8520-175A-41DC-A106-0D37E072ADCC}
		{51A07E59-FB25-4682-BF4F-8452507587AF} = {01CEA7B7-1DFB-485B-A88A-A8F606B4BF8E}
		{E2AB4FE8-6AF8-41A4-BC93-AD011B8CCCFA} = {01CEA7B7-1DFB-485B-A88A-A8F606B4BF8E}
		{2C0A032A-BD5D-4387-AAF3-AA33343128ED} = {475E39B2-006C-4230-A4B6-658817AB1E7E}
		{4E66B6A4-2F30-4B69-B4F0-D7A3FDAC2D16} = {01CEA7B7-1DFB-485B-A88A-A8F606B4BF8E}
		{ED915C3D-41F9-45AE-8104-5956ACB6D1D6} = {01CEA7B7-1DFB-485B-A88A-A8F606B4BF8E}
		{16FB158B-7B07-4089-B78F-ADB63B5B65EC} = {01CEA7B7-1DFB-485B-A88A-A8F606B4BF8E}
		{49BA25B4-D99B-4A82-9CF0-47D368B2DF64} = {01CEA7B7-1DFB-485B-A88A-A8F606B4BF8E}
		{7F78DA15-0F45-45E1-860D-7F5F4723F887} = {4307DBB3-98C5-4D7D-83F9-F6E4FA829A89}
		{F7526B39-F0EE-4E94-AB21-4E6B0663BC43} = {7F78DA15-0F45-45E1-860D-7F5F4723F887}
	EndGlobalSection
	GlobalSection(ExtensibilityGlobals) = postSolution
		SolutionGuid = {53CB383A-5828-4C5C-95A4-06623D6149EF}
	EndGlobalSection
EndGlobal
